
Microsoft Visual Studio Solution File, Format Version 12.00
# Visual Studio Version 17
VisualStudioVersion = 17.2.32526.322
MinimumVisualStudioVersion = 10.0.40219.1
Project("{FAE04EC0-301F-11D3-BF4B-00C04F79EFBC}") = "learn_main", "learn_main\learn_main.csproj", "{FC3ED9A1-830E-4CE9-B804-B229E320D6FB}"
EndProject
Global
	GlobalSection(SolutionConfigurationPlatforms) = preSolution
		Debug|Any CPU = Debug|Any CPU
		Release|Any CPU = Release|Any CPU
	EndGlobalSection
	GlobalSection(ProjectConfigurationPlatforms) = postSolution
		{FC3ED9A1-830E-4CE9-B804-B229E320D6FB}.Debug|Any CPU.ActiveCfg = Debug|Any CPU
		{FC3ED9A1-830E-4CE9-B804-B229E320D6FB}.Debug|Any CPU.Build.0 = Debug|Any CPU
		{FC3ED9A1-830E-4CE9-B804-B229E320D6FB}.Release|Any CPU.ActiveCfg = Release|Any CPU
		{FC3ED9A1-830E-4CE9-B804-B229E320D6FB}.Release|Any CPU.Build.0 = Release|Any CPU
	EndGlobalSection
	GlobalSection(SolutionProperties) = preSolution
		HideSolutionNode = FALSE
	EndGlobalSection
	GlobalSection(ExtensibilityGlobals) = postSolution
		SolutionGuid = {49CAA739-F5CA-466A-9B06-040B9D30A98A}
	EndGlobalSection
EndGlobal
